# THIS IS AN AUTOGENERATED FILE. DO NOT EDIT THIS FILE DIRECTLY.
# yarn lockfile v1


"@hotwired/stimulus@^3.0.0":
  version "3.2.2"
  resolved "https://registry.yarnpkg.com/@hotwired/stimulus/-/stimulus-3.2.2.tgz#071aab59c600fed95b97939e605ff261a4251608"
  integrity sha512-eGeIqNOQpXoPAIP7tC1+1Yc1yl1xnwYqg+3mzqxyrbE5pg5YFBZcA6YoTiByJB6DKAEsiWtl6tjTJS4IYtbB7A==

"@hotwired/turbo-rails@^7.0.0":
  version "7.3.0"
  resolved "https://registry.yarnpkg.com/@hotwired/turbo-rails/-/turbo-rails-7.3.0.tgz#422c21752509f3edcd6c7b2725bbe9e157815f51"
  integrity sha512-fvhO64vp/a2UVQ3jue9WTc2JisMv9XilIC7ViZmXAREVwiQ2S4UC7Go8f9A1j4Xu7DBI6SbFdqILk5ImqVoqyA==
  dependencies:
    "@hotwired/turbo" "^7.3.0"
    "@rails/actioncable" "^7.0"

"@hotwired/turbo@^7.3.0":
  version "7.3.0"
  resolved "https://registry.yarnpkg.com/@hotwired/turbo/-/turbo-7.3.0.tgz#2226000fff1aabda9fd9587474565c9929dbf15d"
  integrity sha512-Dcu+NaSvHLT7EjrDrkEmH4qET2ZJZ5IcCWmNXxNQTBwlnE5tBZfN6WxZ842n5cHV52DH/AKNirbPBtcEXDLW4g==

"@rails/actioncable@^7.0":
  version "7.2.100"
  resolved "https://registry.yarnpkg.com/@rails/actioncable/-/actioncable-7.2.100.tgz#86ec1c2e00c357cef1e421fd63863d5c34339ce8"
  integrity sha512-7xtIENf0Yw59AFDM3+xqxPCZxev3QVAqjPmUzmgsB9eL8S/zTpB0IU9srNc7XknzJI4e09XKNnCaJRx3gfYzXA==

"@rails/actiontext@^7.2.100":
  version "7.2.100"
  resolved "https://registry.yarnpkg.com/@rails/actiontext/-/actiontext-7.2.100.tgz#e235c8150d252490902f8b33026bc0a030cce8e4"
  integrity sha512-46oDEZdkxpbM/7+3GwSHTRyIkH3LRZRC9OE35rMIt0FcRbjXW+2Q7RL1YYjoy7megqnoCUDZglFISJQxJ/HBZg==
  dependencies:
    "@rails/activestorage" ">= 7.2.0-alpha"

"@rails/activestorage@>= 7.2.0-alpha":
  version "7.2.100"
  resolved "https://registry.yarnpkg.com/@rails/activestorage/-/activestorage-7.2.100.tgz#c1e643d3c35c62c946e6f7c8d812fa567d2ce915"
  integrity sha512-gohCilm1E10W51Hc9iT960xX9TP11L5TJ4W1ufs9f3h5Ncsw01S/eHgVUfcdfszqw3G+28Z0MFu999+iSpgdTg==
  dependencies:
    spark-md5 "^3.0.1"

spark-md5@^3.0.1:
  version "3.0.2"
  resolved "https://registry.yarnpkg.com/spark-md5/-/spark-md5-3.0.2.tgz#7952c4a30784347abcee73268e473b9c0167e3fc"
  integrity sha512-wcFzz9cDfbuqe0FZzfi2or1sgyIrsDwmPwfZC4hiNidPdPINjeUwNfv5kldczoEAcjl9Y1L3SM7Uz2PUEQzxQw==

trix@^2.1.6:
  version "2.1.6"
  resolved "https://registry.yarnpkg.com/trix/-/trix-2.1.6.tgz#a7897cd67e03e6c8664df5dd31365bf87366e8db"
  integrity sha512-NHX69IkQz/JEQWI++sRryleXWo1PuN8GKjvU+jYgMX6UbN2Pzfg6k46RpmdRl+1q0SyoGbyOZDoFUpNwEdjtXA==
